
Microsoft Visual Studio Solution File, Format Version 12.00
# Visual Studio Version 17
VisualStudioVersion = 17.4.33213.308
MinimumVisualStudioVersion = 10.0.40219.1
Project("{888888A0-9F3D-457C-B088-3A5042F75D52}") = "ComputerProgrammingProject", "ComputerProgrammingProject\ComputerProgrammingProject.pyproj", "{5014BDD2-5A6B-408E-8722-94CDE9B0A867}"
EndProject
Global
	GlobalSection(SolutionConfigurationPlatforms) = preSolution
		Debug|Any CPU = Debug|Any CPU
		Release|Any CPU = Release|Any CPU
	EndGlobalSection
	GlobalSection(ProjectConfigurationPlatforms) = postSolution
		{5014BDD2-5A6B-408E-8722-94CDE9B0A867}.Debug|Any CPU.ActiveCfg = Debug|Any CPU
		{5014BDD2-5A6B-408E-8722-94CDE9B0A867}.Release|Any CPU.ActiveCfg = Release|Any CPU
	EndGlobalSection
	GlobalSection(SolutionProperties) = preSolution
		HideSolutionNode = FALSE
	EndGlobalSection
	GlobalSection(ExtensibilityGlobals) = postSolution
		SolutionGuid = {7A23232F-22FA-4794-9DF6-3E93513CB441}
	EndGlobalSection
EndGlobal
